# THIS IS AN AUTOGENERATED FILE. DO NOT EDIT THIS FILE DIRECTLY.
# yarn lockfile v1


hash-wasm@4.12.0:
  version "4.12.0"
  resolved "https://registry.yarnpkg.com/hash-wasm/-/hash-wasm-4.12.0.tgz#f9f1a9f9121e027a9acbf6db5d59452ace1ef9bb"
  integrity sha512-+/2B2rYLb48I/evdOIhP+K/DD2ca2fgBjp6O+GBEnCDk2e4rpeXIK8GvIyRPjTezgmWn9gmKwkQjjx6BtqDHVQ==
